
Microsoft Visual Studio Solution File, Format Version 12.00
# Visual Studio 15
VisualStudioVersion = 15.0.27703.2035
MinimumVisualStudioVersion = 10.0.40219.1
Project("{FAE04EC0-301F-11D3-BF4B-00C04F79EFBC}") = "ProjetoRevenda2", "ProjetoRevenda2\ProjetoRevenda2.csproj", "{66134F63-06D4-44AB-BA3E-DBAC13B39922}"
EndProject
Project("{FAE04EC0-301F-11D3-BF4B-00C04F79EFBC}") = "SistemaSapatosBase", "SistemaSapatosBase\SistemaSapatosBase.csproj", "{0B829AC1-0ADD-4E2E-858A-60AC052EC02D}"
EndProject
Global
	GlobalSection(SolutionConfigurationPlatforms) = preSolution
		Debug|Any CPU = Debug|Any CPU
		Release|Any CPU = Release|Any CPU
	EndGlobalSection
	GlobalSection(ProjectConfigurationPlatforms) = postSolution
		{66134F63-06D4-44AB-BA3E-DBAC13B39922}.Debug|Any CPU.ActiveCfg = Debug|Any CPU
		{66134F63-06D4-44AB-BA3E-DBAC13B39922}.Debug|Any CPU.Build.0 = Debug|Any CPU
		{66134F63-06D4-44AB-BA3E-DBAC13B39922}.Release|Any CPU.ActiveCfg = Release|Any CPU
		{66134F63-06D4-44AB-BA3E-DBAC13B39922}.Release|Any CPU.Build.0 = Release|Any CPU
		{0B829AC1-0ADD-4E2E-858A-60AC052EC02D}.Debug|Any CPU.ActiveCfg = Debug|Any CPU
		{0B829AC1-0ADD-4E2E-858A-60AC052EC02D}.Debug|Any CPU.Build.0 = Debug|Any CPU
		{0B829AC1-0ADD-4E2E-858A-60AC052EC02D}.Release|Any CPU.ActiveCfg = Release|Any CPU
		{0B829AC1-0ADD-4E2E-858A-60AC052EC02D}.Release|Any CPU.Build.0 = Release|Any CPU
	EndGlobalSection
	GlobalSection(SolutionProperties) = preSolution
		HideSolutionNode = FALSE
	EndGlobalSection
	GlobalSection(ExtensibilityGlobals) = postSolution
		SolutionGuid = {84374F34-F0D7-4ADA-BBCC-F09E4DCFCE0A}
	EndGlobalSection
EndGlobal
